
Microsoft Visual Studio Solution File, Format Version 12.00
# Visual Studio 15
VisualStudioVersion = 15.0.27130.2003
MinimumVisualStudioVersion = 10.0.40219.1
Project("{8BC9CEB8-8B4A-11D0-8D11-00A0C91BC942}") = "libjpeg", "..\jpeg-9c\libjpeg.vcxproj", "{019DBD2A-273D-4BA4-BF86-B5EFE2ED76B1}"
EndProject
Project("{8BC9CEB8-8B4A-11D0-8D11-00A0C91BC942}") = "zlib", "..\zlib-1.2.11\contrib\vstudio\vc14-graphics2018\zlib.vcxproj", "{F2D1EC80-8D8E-4A99-80E9-FB06BE5828CC}"
EndProject
Project("{8BC9CEB8-8B4A-11D0-8D11-00A0C91BC942}") = "libpng", "..\libpng-1.6.35\projects\vstudio-graphics2018\libpng\libpng.vcxproj", "{D6973076-9317-4EF2-A0B8-B7A18AC0713E}"
	ProjectSection(ProjectDependencies) = postProject
		{F2D1EC80-8D8E-4A99-80E9-FB06BE5828CC} = {F2D1EC80-8D8E-4A99-80E9-FB06BE5828CC}
	EndProjectSection
EndProject
Project("{8BC9CEB8-8B4A-11D0-8D11-00A0C91BC942}") = "glew32", "..\glew-2.1.0\build\vc14-graphics2018\glew32.vcxproj", "{664E6F0D-6784-4760-9565-D54F8EB1EDF4}"
EndProject
Project("{8BC9CEB8-8B4A-11D0-8D11-00A0C91BC942}") = "freetype", "..\freetype-2.9.1\builds\windows\vc14-graphics2018\freetype.vcxproj", "{78B079BD-9FC7-4B9E-B4A6-96DA0F00248B}"
EndProject
Project("{8BC9CEB8-8B4A-11D0-8D11-00A0C91BC942}") = "libst", "..\libst-2018\visualstudio\libst.vcxproj", "{7FD037CD-7D78-4096-A827-0A7E6642FF74}"
	ProjectSection(ProjectDependencies) = postProject
		{D6973076-9317-4EF2-A0B8-B7A18AC0713E} = {D6973076-9317-4EF2-A0B8-B7A18AC0713E}
	EndProjectSection
EndProject
Project("{8BC9CEB8-8B4A-11D0-8D11-00A0C91BC942}") = "freeglut_static", "..\freeglut-3.0.0\build-v14-graphics2018\freeglut_static.vcxproj", "{99740DBB-637F-3A85-B838-C3644B3E7AF4}"
EndProject
Project("{8BC9CEB8-8B4A-11D0-8D11-00A0C91BC942}") = "librt", "..\librt\rtlib.vcxproj", "{BAC11F41-C2AC-4AD6-B534-2593B5AB65C3}"
EndProject
Project("{8BC9CEB8-8B4A-11D0-8D11-00A0C91BC942}") = "glfw", "..\glfw-3.2.1\build\src\glfw.vcxproj", "{81F30EFC-8241-35B0-BFE7-53AF415BE6B5}"
EndProject
Project("{8BC9CEB8-8B4A-11D0-8D11-00A0C91BC942}") = "SOIL", "..\Simple-OpenGL-Image-Library-master\projects\VC9\SOIL.vcxproj", "{C32FB2B4-500C-43CD-A099-EECCE079D3F1}"
EndProject
Project("{8BC9CEB8-8B4A-11D0-8D11-00A0C91BC942}") = "proj3", "proj3.vcxproj", "{AA6666AA-E09F-4135-9C0C-4FE50C3C654B}"
	ProjectSection(ProjectDependencies) = postProject
		{664E6F0D-6784-4760-9565-D54F8EB1EDF4} = {664E6F0D-6784-4760-9565-D54F8EB1EDF4}
		{019DBD2A-273D-4BA4-BF86-B5EFE2ED76B1} = {019DBD2A-273D-4BA4-BF86-B5EFE2ED76B1}
		{BAC11F41-C2AC-4AD6-B534-2593B5AB65C3} = {BAC11F41-C2AC-4AD6-B534-2593B5AB65C3}
		{D6973076-9317-4EF2-A0B8-B7A18AC0713E} = {D6973076-9317-4EF2-A0B8-B7A18AC0713E}
		{F2D1EC80-8D8E-4A99-80E9-FB06BE5828CC} = {F2D1EC80-8D8E-4A99-80E9-FB06BE5828CC}
		{6037E797-74AF-41A8-A542-147BAD9AAF5F} = {6037E797-74AF-41A8-A542-147BAD9AAF5F}
		{C32FB2B4-500C-43CD-A099-EECCE079D3F1} = {C32FB2B4-500C-43CD-A099-EECCE079D3F1}
		{99740DBB-637F-3A85-B838-C3644B3E7AF4} = {99740DBB-637F-3A85-B838-C3644B3E7AF4}
		{78B079BD-9FC7-4B9E-B4A6-96DA0F00248B} = {78B079BD-9FC7-4B9E-B4A6-96DA0F00248B}
		{7FD037CD-7D78-4096-A827-0A7E6642FF74} = {7FD037CD-7D78-4096-A827-0A7E6642FF74}
		{81F30EFC-8241-35B0-BFE7-53AF415BE6B5} = {81F30EFC-8241-35B0-BFE7-53AF415BE6B5}
	EndProjectSection
EndProject
Project("{8BC9CEB8-8B4A-11D0-8D11-00A0C91BC942}") = "alglib", "..\alglib\alglib.vcxproj", "{6037E797-74AF-41A8-A542-147BAD9AAF5F}"
EndProject
Global
	GlobalSection(SolutionConfigurationPlatforms) = preSolution
		Debug Library|Itanium = Debug Library|Itanium
		Debug Library|Win32 = Debug Library|Win32
		Debug Library|x64 = Debug Library|x64
		Debug Static|Itanium = Debug Static|Itanium
		Debug Static|Win32 = Debug Static|Win32
		Debug Static|x64 = Debug Static|x64
		Debug|Itanium = Debug|Itanium
		Debug|Win32 = Debug|Win32
		Debug|x64 = Debug|x64
		MinSizeRel|Itanium = MinSizeRel|Itanium
		MinSizeRel|Win32 = MinSizeRel|Win32
		MinSizeRel|x64 = MinSizeRel|x64
		Release Library|Itanium = Release Library|Itanium
		Release Library|Win32 = Release Library|Win32
		Release Library|x64 = Release Library|x64
		Release Static|Itanium = Release Static|Itanium
		Release Static|Win32 = Release Static|Win32
		Release Static|x64 = Release Static|x64
		Release|Itanium = Release|Itanium
		Release|Win32 = Release|Win32
		Release|x64 = Release|x64
		ReleaseWithoutAsm|Itanium = ReleaseWithoutAsm|Itanium
		ReleaseWithoutAsm|Win32 = ReleaseWithoutAsm|Win32
		ReleaseWithoutAsm|x64 = ReleaseWithoutAsm|x64
		RelWithDebInfo|Itanium = RelWithDebInfo|Itanium
		RelWithDebInfo|Win32 = RelWithDebInfo|Win32
		RelWithDebInfo|x64 = RelWithDebInfo|x64
	EndGlobalSection
	GlobalSection(ProjectConfigurationPlatforms) = postSolution
		{019DBD2A-273D-4BA4-BF86-B5EFE2ED76B1}.Debug Library|Itanium.ActiveCfg = Release|Win32
		{019DBD2A-273D-4BA4-BF86-B5EFE2ED76B1}.Debug Library|Itanium.Build.0 = Release|Win32
		{019DBD2A-273D-4BA4-BF86-B5EFE2ED76B1}.Debug Library|Win32.ActiveCfg = Debug|Win32
		{019DBD2A-273D-4BA4-BF86-B5EFE2ED76B1}.Debug Library|Win32.Build.0 = Debug|Win32
		{019DBD2A-273D-4BA4-BF86-B5EFE2ED76B1}.Debug Library|x64.ActiveCfg = Release|Win32
		{019DBD2A-273D-4BA4-BF86-B5EFE2ED76B1}.Debug Library|x64.Build.0 = Release|Win32
		{019DBD2A-273D-4BA4-BF86-B5EFE2ED76B1}.Debug Static|Itanium.ActiveCfg = Release|Win32
		{019DBD2A-273D-4BA4-BF86-B5EFE2ED76B1}.Debug Static|Itanium.Build.0 = Release|Win32
		{019DBD2A-273D-4BA4-BF86-B5EFE2ED76B1}.Debug Static|Win32.ActiveCfg = Debug|Win32
		{019DBD2A-273D-4BA4-BF86-B5EFE2ED76B1}.Debug Static|Win32.Build.0 = Debug|Win32
		{019DBD2A-273D-4BA4-BF86-B5EFE2ED76B1}.Debug Static|x64.ActiveCfg = Release|Win32
		{019DBD2A-273D-4BA4-BF86-B5EFE2ED76B1}.Debug Static|x64.Build.0 = Release|Win32
		{019DBD2A-273D-4BA4-BF86-B5EFE2ED76B1}.Debug|Itanium.ActiveCfg = Debug|Win32
		{019DBD2A-273D-4BA4-BF86-B5EFE2ED76B1}.Debug|Win32.ActiveCfg = Debug|Win32
		{019DBD2A-273D-4BA4-BF86-B5EFE2ED76B1}.Debug|Win32.Build.0 = Debug|Win32
		{019DBD2A-273D-4BA4-BF86-B5EFE2ED76B1}.Debug|x64.ActiveCfg = Debug|Win32
		{019DBD2A-273D-4BA4-BF86-B5EFE2ED76B1}.MinSizeRel|Itanium.ActiveCfg = Release|Win32
		{019DBD2A-273D-4BA4-BF86-B5EFE2ED76B1}.MinSizeRel|Itanium.Build.0 = Release|Win32
		{019DBD2A-273D-4BA4-BF86-B5EFE2ED76B1}.MinSizeRel|Win32.ActiveCfg = Debug|Win32
		{019DBD2A-273D-4BA4-BF86-B5EFE2ED76B1}.MinSizeRel|Win32.Build.0 = Debug|Win32
		{019DBD2A-273D-4BA4-BF86-B5EFE2ED76B1}.MinSizeRel|x64.ActiveCfg = Release|Win32
		{019DBD2A-273D-4BA4-BF86-B5EFE2ED76B1}.MinSizeRel|x64.Build.0 = Release|Win32
		{019DBD2A-273D-4BA4-BF86-B5EFE2ED76B1}.Release Library|Itanium.ActiveCfg = Release|Win32
		{019DBD2A-273D-4BA4-BF86-B5EFE2ED76B1}.Release Library|Itanium.Build.0 = Release|Win32
		{019DBD2A-273D-4BA4-BF86-B5EFE2ED76B1}.Release Library|Win32.ActiveCfg = Debug|Win32
		{019DBD2A-273D-4BA4-BF86-B5EFE2ED76B1}.Release Library|Win32.Build.0 = Debug|Win32
		{019DBD2A-273D-4BA4-BF86-B5EFE2ED76B1}.Release Library|x64.ActiveCfg = Release|Win32
		{019DBD2A-273D-4BA4-BF86-B5EFE2ED76B1}.Release Library|x64.Build.0 = Release|Win32
		{019DBD2A-273D-4BA4-BF86-B5EFE2ED76B1}.Release Static|Itanium.ActiveCfg = Release|Win32
		{019DBD2A-273D-4BA4-BF86-B5EFE2ED76B1}.Release Static|Itanium.Build.0 = Release|Win32
		{019DBD2A-273D-4BA4-BF86-B5EFE2ED76B1}.Release Static|Win32.ActiveCfg = Debug|Win32
		{019DBD2A-273D-4BA4-BF86-B5EFE2ED76B1}.Release Static|Win32.Build.0 = Debug|Win32
		{019DBD2A-273D-4BA4-BF86-B5EFE2ED76B1}.Release Static|x64.ActiveCfg = Release|Win32
		{019DBD2A-273D-4BA4-BF86-B5EFE2ED76B1}.Release Static|x64.Build.0 = Release|Win32
		{019DBD2A-273D-4BA4-BF86-B5EFE2ED76B1}.Release|Itanium.ActiveCfg = Release|Win32
		{019DBD2A-273D-4BA4-BF86-B5EFE2ED76B1}.Release|Win32.ActiveCfg = Release|Win32
		{019DBD2A-273D-4BA4-BF86-B5EFE2ED76B1}.Release|Win32.Build.0 = Release|Win32
		{019DBD2A-273D-4BA4-BF86-B5EFE2ED76B1}.Release|x64.ActiveCfg = Release|Win32
		{019DBD2A-273D-4BA4-BF86-B5EFE2ED76B1}.ReleaseWithoutAsm|Itanium.ActiveCfg = Release|Win32
		{019DBD2A-273D-4BA4-BF86-B5EFE2ED76B1}.ReleaseWithoutAsm|Itanium.Build.0 = Release|Win32
		{019DBD2A-273D-4BA4-BF86-B5EFE2ED76B1}.ReleaseWithoutAsm|Win32.ActiveCfg = Debug|Win32
		{019DBD2A-273D-4BA4-BF86-B5EFE2ED76B1}.ReleaseWithoutAsm|Win32.Build.0 = Debug|Win32
		{019DBD2A-273D-4BA4-BF86-B5EFE2ED76B1}.ReleaseWithoutAsm|x64.ActiveCfg = Release|Win32
		{019DBD2A-273D-4BA4-BF86-B5EFE2ED76B1}.ReleaseWithoutAsm|x64.Build.0 = Release|Win32
		{019DBD2A-273D-4BA4-BF86-B5EFE2ED76B1}.RelWithDebInfo|Itanium.ActiveCfg = Release|Win32
		{019DBD2A-273D-4BA4-BF86-B5EFE2ED76B1}.RelWithDebInfo|Itanium.Build.0 = Release|Win32
		{019DBD2A-273D-4BA4-BF86-B5EFE2ED76B1}.RelWithDebInfo|Win32.ActiveCfg = Debug|Win32
		{019DBD2A-273D-4BA4-BF86-B5EFE2ED76B1}.RelWithDebInfo|Win32.Build.0 = Debug|Win32
		{019DBD2A-273D-4BA4-BF86-B5EFE2ED76B1}.RelWithDebInfo|x64.ActiveCfg = Release|Win32
		{019DBD2A-273D-4BA4-BF86-B5EFE2ED76B1}.RelWithDebInfo|x64.Build.0 = Release|Win32
		{F2D1EC80-8D8E-4A99-80E9-FB06BE5828CC}.Debug Library|Itanium.ActiveCfg = Debug|Itanium
		{F2D1EC80-8D8E-4A99-80E9-FB06BE5828CC}.Debug Library|Itanium.Build.0 = Debug|Itanium
		{F2D1EC80-8D8E-4A99-80E9-FB06BE5828CC}.Debug Library|Itanium.Deploy.0 = Debug|Itanium
		{F2D1EC80-8D8E-4A99-80E9-FB06BE5828CC}.Debug Library|Win32.ActiveCfg = Debug|Win32
		{F2D1EC80-8D8E-4A99-80E9-FB06BE5828CC}.Debug Library|Win32.Build.0 = Debug|Win32
		{F2D1EC80-8D8E-4A99-80E9-FB06BE5828CC}.Debug Library|x64.ActiveCfg = Debug|x64
		{F2D1EC80-8D8E-4A99-80E9-FB06BE5828CC}.Debug Library|x64.Build.0 = Debug|x64
		{F2D1EC80-8D8E-4A99-80E9-FB06BE5828CC}.Debug Library|x64.Deploy.0 = Debug|x64
		{F2D1EC80-8D8E-4A99-80E9-FB06BE5828CC}.Debug Static|Itanium.ActiveCfg = Debug|Itanium
		{F2D1EC80-8D8E-4A99-80E9-FB06BE5828CC}.Debug Static|Itanium.Build.0 = Debug|Itanium
		{F2D1EC80-8D8E-4A99-80E9-FB06BE5828CC}.Debug Static|Win32.ActiveCfg = Debug|Win32
		{F2D1EC80-8D8E-4A99-80E9-FB06BE5828CC}.Debug Static|Win32.Build.0 = Debug|Win32
		{F2D1EC80-8D8E-4A99-80E9-FB06BE5828CC}.Debug Static|x64.ActiveCfg = Debug|x64
		{F2D1EC80-8D8E-4A99-80E9-FB06BE5828CC}.Debug Static|x64.Build.0 = Debug|x64
		{F2D1EC80-8D8E-4A99-80E9-FB06BE5828CC}.Debug|Itanium.ActiveCfg = Debug|Itanium
		{F2D1EC80-8D8E-4A99-80E9-FB06BE5828CC}.Debug|Itanium.Build.0 = Debug|Itanium
		{F2D1EC80-8D8E-4A99-80E9-FB06BE5828CC}.Debug|Win32.ActiveCfg = Debug|Win32
		{F2D1EC80-8D8E-4A99-80E9-FB06BE5828CC}.Debug|Win32.Build.0 = Debug|Win32
		{F2D1EC80-8D8E-4A99-80E9-FB06BE5828CC}.Debug|x64.ActiveCfg = Debug|x64
		{F2D1EC80-8D8E-4A99-80E9-FB06BE5828CC}.Debug|x64.Build.0 = Debug|x64
		{F2D1EC80-8D8E-4A99-80E9-FB06BE5828CC}.MinSizeRel|Itanium.ActiveCfg = ReleaseWithoutAsm|Itanium
		{F2D1EC80-8D8E-4A99-80E9-FB06BE5828CC}.MinSizeRel|Itanium.Build.0 = ReleaseWithoutAsm|Itanium
		{F2D1EC80-8D8E-4A99-80E9-FB06BE5828CC}.MinSizeRel|Win32.ActiveCfg = Debug|Win32
		{F2D1EC80-8D8E-4A99-80E9-FB06BE5828CC}.MinSizeRel|Win32.Build.0 = Debug|Win32
		{F2D1EC80-8D8E-4A99-80E9-FB06BE5828CC}.MinSizeRel|x64.ActiveCfg = ReleaseWithoutAsm|x64
		{F2D1EC80-8D8E-4A99-80E9-FB06BE5828CC}.MinSizeRel|x64.Build.0 = ReleaseWithoutAsm|x64
		{F2D1EC80-8D8E-4A99-80E9-FB06BE5828CC}.Release Library|Itanium.ActiveCfg = ReleaseWithoutAsm|Itanium
		{F2D1EC80-8D8E-4A99-80E9-FB06BE5828CC}.Release Library|Itanium.Build.0 = ReleaseWithoutAsm|Itanium
		{F2D1EC80-8D8E-4A99-80E9-FB06BE5828CC}.Release Library|Itanium.Deploy.0 = ReleaseWithoutAsm|Itanium
		{F2D1EC80-8D8E-4A99-80E9-FB06BE5828CC}.Release Library|Win32.ActiveCfg = Debug|Win32
		{F2D1EC80-8D8E-4A99-80E9-FB06BE5828CC}.Release Library|Win32.Build.0 = Debug|Win32
		{F2D1EC80-8D8E-4A99-80E9-FB06BE5828CC}.Release Library|x64.ActiveCfg = ReleaseWithoutAsm|x64
		{F2D1EC80-8D8E-4A99-80E9-FB06BE5828CC}.Release Library|x64.Build.0 = ReleaseWithoutAsm|x64
		{F2D1EC80-8D8E-4A99-80E9-FB06BE5828CC}.Release Library|x64.Deploy.0 = ReleaseWithoutAsm|x64
		{F2D1EC80-8D8E-4A99-80E9-FB06BE5828CC}.Release Static|Itanium.ActiveCfg = ReleaseWithoutAsm|Itanium
		{F2D1EC80-8D8E-4A99-80E9-FB06BE5828CC}.Release Static|Itanium.Build.0 = ReleaseWithoutAsm|Itanium
		{F2D1EC80-8D8E-4A99-80E9-FB06BE5828CC}.Release Static|Win32.ActiveCfg = Debug|Win32
		{F2D1EC80-8D8E-4A99-80E9-FB06BE5828CC}.Release Static|Win32.Build.0 = Debug|Win32
		{F2D1EC80-8D8E-4A99-80E9-FB06BE5828CC}.Release Static|x64.ActiveCfg = ReleaseWithoutAsm|x64
		{F2D1EC80-8D8E-4A99-80E9-FB06BE5828CC}.Release Static|x64.Build.0 = ReleaseWithoutAsm|x64
		{F2D1EC80-8D8E-4A99-80E9-FB06BE5828CC}.Release|Itanium.ActiveCfg = Release|Itanium
		{F2D1EC80-8D8E-4A99-80E9-FB06BE5828CC}.Release|Itanium.Build.0 = Release|Itanium
		{F2D1EC80-8D8E-4A99-80E9-FB06BE5828CC}.Release|Win32.ActiveCfg = Release|Win32
		{F2D1EC80-8D8E-4A99-80E9-FB06BE5828CC}.Release|Win32.Build.0 = Release|Win32
		{F2D1EC80-8D8E-4A99-80E9-FB06BE5828CC}.Release|x64.ActiveCfg = Release|x64
		{F2D1EC80-8D8E-4A99-80E9-FB06BE5828CC}.Release|x64.Build.0 = Release|x64
		{F2D1EC80-8D8E-4A99-80E9-FB06BE5828CC}.ReleaseWithoutAsm|Itanium.ActiveCfg = ReleaseWithoutAsm|Itanium
		{F2D1EC80-8D8E-4A99-80E9-FB06BE5828CC}.ReleaseWithoutAsm|Itanium.Build.0 = ReleaseWithoutAsm|Itanium
		{F2D1EC80-8D8E-4A99-80E9-FB06BE5828CC}.ReleaseWithoutAsm|Win32.ActiveCfg = Debug|Win32
		{F2D1EC80-8D8E-4A99-80E9-FB06BE5828CC}.ReleaseWithoutAsm|Win32.Build.0 = Debug|Win32
		{F2D1EC80-8D8E-4A99-80E9-FB06BE5828CC}.ReleaseWithoutAsm|x64.ActiveCfg = ReleaseWithoutAsm|x64
		{F2D1EC80-8D8E-4A99-80E9-FB06BE5828CC}.ReleaseWithoutAsm|x64.Build.0 = ReleaseWithoutAsm|x64
		{F2D1EC80-8D8E-4A99-80E9-FB06BE5828CC}.RelWithDebInfo|Itanium.ActiveCfg = ReleaseWithoutAsm|Itanium
		{F2D1EC80-8D8E-4A99-80E9-FB06BE5828CC}.RelWithDebInfo|Itanium.Build.0 = ReleaseWithoutAsm|Itanium
		{F2D1EC80-8D8E-4A99-80E9-FB06BE5828CC}.RelWithDebInfo|Win32.ActiveCfg = Debug|Win32
		{F2D1EC80-8D8E-4A99-80E9-FB06BE5828CC}.RelWithDebInfo|Win32.Build.0 = Debug|Win32
		{F2D1EC80-8D8E-4A99-80E9-FB06BE5828CC}.RelWithDebInfo|x64.ActiveCfg = ReleaseWithoutAsm|x64
		{F2D1EC80-8D8E-4A99-80E9-FB06BE5828CC}.RelWithDebInfo|x64.Build.0 = ReleaseWithoutAsm|x64
		{D6973076-9317-4EF2-A0B8-B7A18AC0713E}.Debug Library|Itanium.ActiveCfg = Debug Library|Win32
		{D6973076-9317-4EF2-A0B8-B7A18AC0713E}.Debug Library|Win32.ActiveCfg = Debug Library|Win32
		{D6973076-9317-4EF2-A0B8-B7A18AC0713E}.Debug Library|Win32.Build.0 = Debug Library|Win32
		{D6973076-9317-4EF2-A0B8-B7A18AC0713E}.Debug Library|x64.ActiveCfg = Debug Library|Win32
		{D6973076-9317-4EF2-A0B8-B7A18AC0713E}.Debug Static|Itanium.ActiveCfg = Debug Library|Win32
		{D6973076-9317-4EF2-A0B8-B7A18AC0713E}.Debug Static|Itanium.Build.0 = Debug Library|Win32
		{D6973076-9317-4EF2-A0B8-B7A18AC0713E}.Debug Static|Win32.ActiveCfg = Debug Library|Win32
		{D6973076-9317-4EF2-A0B8-B7A18AC0713E}.Debug Static|Win32.Build.0 = Debug Library|Win32
		{D6973076-9317-4EF2-A0B8-B7A18AC0713E}.Debug Static|x64.ActiveCfg = Debug Library|Win32
		{D6973076-9317-4EF2-A0B8-B7A18AC0713E}.Debug Static|x64.Build.0 = Debug Library|Win32
		{D6973076-9317-4EF2-A0B8-B7A18AC0713E}.Debug|Itanium.ActiveCfg = Debug|Win32
		{D6973076-9317-4EF2-A0B8-B7A18AC0713E}.Debug|Win32.ActiveCfg = Debug|Win32
		{D6973076-9317-4EF2-A0B8-B7A18AC0713E}.Debug|Win32.Build.0 = Debug|Win32
		{D6973076-9317-4EF2-A0B8-B7A18AC0713E}.Debug|x64.ActiveCfg = Debug|Win32
		{D6973076-9317-4EF2-A0B8-B7A18AC0713E}.MinSizeRel|Itanium.ActiveCfg = Debug Library|Win32
		{D6973076-9317-4EF2-A0B8-B7A18AC0713E}.MinSizeRel|Itanium.Build.0 = Debug Library|Win32
		{D6973076-9317-4EF2-A0B8-B7A18AC0713E}.MinSizeRel|Win32.ActiveCfg = Debug Library|Win32
		{D6973076-9317-4EF2-A0B8-B7A18AC0713E}.MinSizeRel|Win32.Build.0 = Debug Library|Win32
		{D6973076-9317-4EF2-A0B8-B7A18AC0713E}.MinSizeRel|x64.ActiveCfg = Debug Library|Win32
		{D6973076-9317-4EF2-A0B8-B7A18AC0713E}.MinSizeRel|x64.Build.0 = Debug Library|Win32
		{D6973076-9317-4EF2-A0B8-B7A18AC0713E}.Release Library|Itanium.ActiveCfg = Release Library|Win32
		{D6973076-9317-4EF2-A0B8-B7A18AC0713E}.Release Library|Win32.ActiveCfg = Debug Library|Win32
		{D6973076-9317-4EF2-A0B8-B7A18AC0713E}.Release Library|Win32.Build.0 = Debug Library|Win32
		{D6973076-9317-4EF2-A0B8-B7A18AC0713E}.Release Library|x64.ActiveCfg = Release Library|Win32
		{D6973076-9317-4EF2-A0B8-B7A18AC0713E}.Release Static|Itanium.ActiveCfg = Debug Library|Win32
		{D6973076-9317-4EF2-A0B8-B7A18AC0713E}.Release Static|Itanium.Build.0 = Debug Library|Win32
		{D6973076-9317-4EF2-A0B8-B7A18AC0713E}.Release Static|Win32.ActiveCfg = Debug Library|Win32
		{D6973076-9317-4EF2-A0B8-B7A18AC0713E}.Release Static|Win32.Build.0 = Debug Library|Win32
		{D6973076-9317-4EF2-A0B8-B7A18AC0713E}.Release Static|x64.ActiveCfg = Debug Library|Win32
		{D6973076-9317-4EF2-A0B8-B7A18AC0713E}.Release Static|x64.Build.0 = Debug Library|Win32
		{D6973076-9317-4EF2-A0B8-B7A18AC0713E}.Release|Itanium.ActiveCfg = Release|Win32
		{D6973076-9317-4EF2-A0B8-B7A18AC0713E}.Release|Win32.ActiveCfg = Release|Win32
		{D6973076-9317-4EF2-A0B8-B7A18AC0713E}.Release|Win32.Build.0 = Release|Win32
		{D6973076-9317-4EF2-A0B8-B7A18AC0713E}.Release|x64.ActiveCfg = Release|Win32
		{D6973076-9317-4EF2-A0B8-B7A18AC0713E}.ReleaseWithoutAsm|Itanium.ActiveCfg = Debug Library|Win32
		{D6973076-9317-4EF2-A0B8-B7A18AC0713E}.ReleaseWithoutAsm|Itanium.Build.0 = Debug Library|Win32
		{D6973076-9317-4EF2-A0B8-B7A18AC0713E}.ReleaseWithoutAsm|Win32.ActiveCfg = Debug Library|Win32
		{D6973076-9317-4EF2-A0B8-B7A18AC0713E}.ReleaseWithoutAsm|Win32.Build.0 = Debug Library|Win32
		{D6973076-9317-4EF2-A0B8-B7A18AC0713E}.ReleaseWithoutAsm|x64.ActiveCfg = Debug Library|Win32
		{D6973076-9317-4EF2-A0B8-B7A18AC0713E}.ReleaseWithoutAsm|x64.Build.0 = Debug Library|Win32
		{D6973076-9317-4EF2-A0B8-B7A18AC0713E}.RelWithDebInfo|Itanium.ActiveCfg = Debug Library|Win32
		{D6973076-9317-4EF2-A0B8-B7A18AC0713E}.RelWithDebInfo|Itanium.Build.0 = Debug Library|Win32
		{D6973076-9317-4EF2-A0B8-B7A18AC0713E}.RelWithDebInfo|Win32.ActiveCfg = Debug Library|Win32
		{D6973076-9317-4EF2-A0B8-B7A18AC0713E}.RelWithDebInfo|Win32.Build.0 = Debug Library|Win32
		{D6973076-9317-4EF2-A0B8-B7A18AC0713E}.RelWithDebInfo|x64.ActiveCfg = Debug Library|Win32
		{D6973076-9317-4EF2-A0B8-B7A18AC0713E}.RelWithDebInfo|x64.Build.0 = Debug Library|Win32
		{664E6F0D-6784-4760-9565-D54F8EB1EDF4}.Debug Library|Itanium.ActiveCfg = Release|x64
		{664E6F0D-6784-4760-9565-D54F8EB1EDF4}.Debug Library|Itanium.Build.0 = Release|x64
		{664E6F0D-6784-4760-9565-D54F8EB1EDF4}.Debug Library|Win32.ActiveCfg = Debug|Win32
		{664E6F0D-6784-4760-9565-D54F8EB1EDF4}.Debug Library|Win32.Build.0 = Debug|Win32
		{664E6F0D-6784-4760-9565-D54F8EB1EDF4}.Debug Library|x64.ActiveCfg = Debug|x64
		{664E6F0D-6784-4760-9565-D54F8EB1EDF4}.Debug Library|x64.Build.0 = Debug|x64
		{664E6F0D-6784-4760-9565-D54F8EB1EDF4}.Debug Static|Itanium.ActiveCfg = Release|x64
		{664E6F0D-6784-4760-9565-D54F8EB1EDF4}.Debug Static|Itanium.Build.0 = Release|x64
		{664E6F0D-6784-4760-9565-D54F8EB1EDF4}.Debug Static|Win32.ActiveCfg = Debug|Win32
		{664E6F0D-6784-4760-9565-D54F8EB1EDF4}.Debug Static|Win32.Build.0 = Debug|Win32
		{664E6F0D-6784-4760-9565-D54F8EB1EDF4}.Debug Static|x64.ActiveCfg = Debug|x64
		{664E6F0D-6784-4760-9565-D54F8EB1EDF4}.Debug Static|x64.Build.0 = Debug|x64
		{664E6F0D-6784-4760-9565-D54F8EB1EDF4}.Debug|Itanium.ActiveCfg = Debug|Win32
		{664E6F0D-6784-4760-9565-D54F8EB1EDF4}.Debug|Win32.ActiveCfg = Debug|Win32
		{664E6F0D-6784-4760-9565-D54F8EB1EDF4}.Debug|Win32.Build.0 = Debug|Win32
		{664E6F0D-6784-4760-9565-D54F8EB1EDF4}.Debug|x64.ActiveCfg = Debug|x64
		{664E6F0D-6784-4760-9565-D54F8EB1EDF4}.Debug|x64.Build.0 = Debug|x64
		{664E6F0D-6784-4760-9565-D54F8EB1EDF4}.MinSizeRel|Itanium.ActiveCfg = Release|x64
		{664E6F0D-6784-4760-9565-D54F8EB1EDF4}.MinSizeRel|Itanium.Build.0 = Release|x64
		{664E6F0D-6784-4760-9565-D54F8EB1EDF4}.MinSizeRel|Win32.ActiveCfg = Debug|Win32
		{664E6F0D-6784-4760-9565-D54F8EB1EDF4}.MinSizeRel|Win32.Build.0 = Debug|Win32
		{664E6F0D-6784-4760-9565-D54F8EB1EDF4}.MinSizeRel|x64.ActiveCfg = Release|x64
		{664E6F0D-6784-4760-9565-D54F8EB1EDF4}.MinSizeRel|x64.Build.0 = Release|x64
		{664E6F0D-6784-4760-9565-D54F8EB1EDF4}.Release Library|Itanium.ActiveCfg = Release|x64
		{664E6F0D-6784-4760-9565-D54F8EB1EDF4}.Release Library|Itanium.Build.0 = Release|x64
		{664E6F0D-6784-4760-9565-D54F8EB1EDF4}.Release Library|Win32.ActiveCfg = Debug|Win32
		{664E6F0D-6784-4760-9565-D54F8EB1EDF4}.Release Library|Win32.Build.0 = Debug|Win32
		{664E6F0D-6784-4760-9565-D54F8EB1EDF4}.Release Library|x64.ActiveCfg = Release|x64
		{664E6F0D-6784-4760-9565-D54F8EB1EDF4}.Release Library|x64.Build.0 = Release|x64
		{664E6F0D-6784-4760-9565-D54F8EB1EDF4}.Release Static|Itanium.ActiveCfg = Release|x64
		{664E6F0D-6784-4760-9565-D54F8EB1EDF4}.Release Static|Itanium.Build.0 = Release|x64
		{664E6F0D-6784-4760-9565-D54F8EB1EDF4}.Release Static|Win32.ActiveCfg = Debug|Win32
		{664E6F0D-6784-4760-9565-D54F8EB1EDF4}.Release Static|Win32.Build.0 = Debug|Win32
		{664E6F0D-6784-4760-9565-D54F8EB1EDF4}.Release Static|x64.ActiveCfg = Release|x64
		{664E6F0D-6784-4760-9565-D54F8EB1EDF4}.Release Static|x64.Build.0 = Release|x64
		{664E6F0D-6784-4760-9565-D54F8EB1EDF4}.Release|Itanium.ActiveCfg = Release|Win32
		{664E6F0D-6784-4760-9565-D54F8EB1EDF4}.Release|Win32.ActiveCfg = Release|Win32
		{664E6F0D-6784-4760-9565-D54F8EB1EDF4}.Release|Win32.Build.0 = Release|Win32
		{664E6F0D-6784-4760-9565-D54F8EB1EDF4}.Release|x64.ActiveCfg = Release|x64
		{664E6F0D-6784-4760-9565-D54F8EB1EDF4}.Release|x64.Build.0 = Release|x64
		{664E6F0D-6784-4760-9565-D54F8EB1EDF4}.ReleaseWithoutAsm|Itanium.ActiveCfg = Release|x64
		{664E6F0D-6784-4760-9565-D54F8EB1EDF4}.ReleaseWithoutAsm|Itanium.Build.0 = Release|x64
		{664E6F0D-6784-4760-9565-D54F8EB1EDF4}.ReleaseWithoutAsm|Win32.ActiveCfg = Debug|Win32
		{664E6F0D-6784-4760-9565-D54F8EB1EDF4}.ReleaseWithoutAsm|Win32.Build.0 = Debug|Win32
		{664E6F0D-6784-4760-9565-D54F8EB1EDF4}.ReleaseWithoutAsm|x64.ActiveCfg = Release|x64
		{664E6F0D-6784-4760-9565-D54F8EB1EDF4}.ReleaseWithoutAsm|x64.Build.0 = Release|x64
		{664E6F0D-6784-4760-9565-D54F8EB1EDF4}.RelWithDebInfo|Itanium.ActiveCfg = Release|x64
		{664E6F0D-6784-4760-9565-D54F8EB1EDF4}.RelWithDebInfo|Itanium.Build.0 = Release|x64
		{664E6F0D-6784-4760-9565-D54F8EB1EDF4}.RelWithDebInfo|Win32.ActiveCfg = Debug|Win32
		{664E6F0D-6784-4760-9565-D54F8EB1EDF4}.RelWithDebInfo|Win32.Build.0 = Debug|Win32
		{664E6F0D-6784-4760-9565-D54F8EB1EDF4}.RelWithDebInfo|x64.ActiveCfg = Release|x64
		{664E6F0D-6784-4760-9565-D54F8EB1EDF4}.RelWithDebInfo|x64.Build.0 = Release|x64
		{78B079BD-9FC7-4B9E-B4A6-96DA0F00248B}.Debug Library|Itanium.ActiveCfg = Debug Static|Win32
		{78B079BD-9FC7-4B9E-B4A6-96DA0F00248B}.Debug Library|Itanium.Build.0 = Debug Static|Win32
		{78B079BD-9FC7-4B9E-B4A6-96DA0F00248B}.Debug Library|Win32.ActiveCfg = Debug Static|Win32
		{78B079BD-9FC7-4B9E-B4A6-96DA0F00248B}.Debug Library|Win32.Build.0 = Debug Static|Win32
		{78B079BD-9FC7-4B9E-B4A6-96DA0F00248B}.Debug Library|x64.ActiveCfg = Debug Static|x64
		{78B079BD-9FC7-4B9E-B4A6-96DA0F00248B}.Debug Library|x64.Build.0 = Debug Static|x64
		{78B079BD-9FC7-4B9E-B4A6-96DA0F00248B}.Debug Static|Itanium.ActiveCfg = Debug Static|Win32
		{78B079BD-9FC7-4B9E-B4A6-96DA0F00248B}.Debug Static|Win32.ActiveCfg = Debug Static|Win32
		{78B079BD-9FC7-4B9E-B4A6-96DA0F00248B}.Debug Static|Win32.Build.0 = Debug Static|Win32
		{78B079BD-9FC7-4B9E-B4A6-96DA0F00248B}.Debug Static|x64.ActiveCfg = Debug Static|x64
		{78B079BD-9FC7-4B9E-B4A6-96DA0F00248B}.Debug Static|x64.Build.0 = Debug Static|x64
		{78B079BD-9FC7-4B9E-B4A6-96DA0F00248B}.Debug|Itanium.ActiveCfg = Debug|Win32
		{78B079BD-9FC7-4B9E-B4A6-96DA0F00248B}.Debug|Win32.ActiveCfg = Debug|Win32
		{78B079BD-9FC7-4B9E-B4A6-96DA0F00248B}.Debug|Win32.Build.0 = Debug|Win32
		{78B079BD-9FC7-4B9E-B4A6-96DA0F00248B}.Debug|x64.ActiveCfg = Debug|x64
		{78B079BD-9FC7-4B9E-B4A6-96DA0F00248B}.Debug|x64.Build.0 = Debug|x64
		{78B079BD-9FC7-4B9E-B4A6-96DA0F00248B}.MinSizeRel|Itanium.ActiveCfg = Debug Static|Win32
		{78B079BD-9FC7-4B9E-B4A6-96DA0F00248B}.MinSizeRel|Itanium.Build.0 = Debug Static|Win32
		{78B079BD-9FC7-4B9E-B4A6-96DA0F00248B}.MinSizeRel|Win32.ActiveCfg = Debug Static|Win32
		{78B079BD-9FC7-4B9E-B4A6-96DA0F00248B}.MinSizeRel|Win32.Build.0 = Debug Static|Win32
		{78B079BD-9FC7-4B9E-B4A6-96DA0F00248B}.MinSizeRel|x64.ActiveCfg = Debug Static|x64
		{78B079BD-9FC7-4B9E-B4A6-96DA0F00248B}.MinSizeRel|x64.Build.0 = Debug Static|x64
		{78B079BD-9FC7-4B9E-B4A6-96DA0F00248B}.Release Library|Itanium.ActiveCfg = Debug Static|Win32
		{78B079BD-9FC7-4B9E-B4A6-96DA0F00248B}.Release Library|Itanium.Build.0 = Debug Static|Win32
		{78B079BD-9FC7-4B9E-B4A6-96DA0F00248B}.Release Library|Win32.ActiveCfg = Debug Static|Win32
		{78B079BD-9FC7-4B9E-B4A6-96DA0F00248B}.Release Library|Win32.Build.0 = Debug Static|Win32
		{78B079BD-9FC7-4B9E-B4A6-96DA0F00248B}.Release Library|x64.ActiveCfg = Release Static|x64
		{78B079BD-9FC7-4B9E-B4A6-96DA0F00248B}.Release Library|x64.Build.0 = Release Static|x64
		{78B079BD-9FC7-4B9E-B4A6-96DA0F00248B}.Release Static|Itanium.ActiveCfg = Release Static|Win32
		{78B079BD-9FC7-4B9E-B4A6-96DA0F00248B}.Release Static|Win32.ActiveCfg = Debug Static|Win32
		{78B079BD-9FC7-4B9E-B4A6-96DA0F00248B}.Release Static|Win32.Build.0 = Debug Static|Win32
		{78B079BD-9FC7-4B9E-B4A6-96DA0F00248B}.Release Static|x64.ActiveCfg = Release Static|x64
		{78B079BD-9FC7-4B9E-B4A6-96DA0F00248B}.Release Static|x64.Build.0 = Release Static|x64
		{78B079BD-9FC7-4B9E-B4A6-96DA0F00248B}.Release|Itanium.ActiveCfg = Release|Win32
		{78B079BD-9FC7-4B9E-B4A6-96DA0F00248B}.Release|Win32.ActiveCfg = Release|Win32
		{78B079BD-9FC7-4B9E-B4A6-96DA0F00248B}.Release|Win32.Build.0 = Release|Win32
		{78B079BD-9FC7-4B9E-B4A6-96DA0F00248B}.Release|x64.ActiveCfg = Release|x64
		{78B079BD-9FC7-4B9E-B4A6-96DA0F00248B}.Release|x64.Build.0 = Release|x64
		{78B079BD-9FC7-4B9E-B4A6-96DA0F00248B}.ReleaseWithoutAsm|Itanium.ActiveCfg = Debug Static|Win32
		{78B079BD-9FC7-4B9E-B4A6-96DA0F00248B}.ReleaseWithoutAsm|Itanium.Build.0 = Debug Static|Win32
		{78B079BD-9FC7-4B9E-B4A6-96DA0F00248B}.ReleaseWithoutAsm|Win32.ActiveCfg = Debug Static|Win32
		{78B079BD-9FC7-4B9E-B4A6-96DA0F00248B}.ReleaseWithoutAsm|Win32.Build.0 = Debug Static|Win32
		{78B079BD-9FC7-4B9E-B4A6-96DA0F00248B}.ReleaseWithoutAsm|x64.ActiveCfg = Release|x64
		{78B079BD-9FC7-4B9E-B4A6-96DA0F00248B}.ReleaseWithoutAsm|x64.Build.0 = Release|x64
		{78B079BD-9FC7-4B9E-B4A6-96DA0F00248B}.RelWithDebInfo|Itanium.ActiveCfg = Debug Static|Win32
		{78B079BD-9FC7-4B9E-B4A6-96DA0F00248B}.RelWithDebInfo|Itanium.Build.0 = Debug Static|Win32
		{78B079BD-9FC7-4B9E-B4A6-96DA0F00248B}.RelWithDebInfo|Win32.ActiveCfg = Debug Static|Win32
		{78B079BD-9FC7-4B9E-B4A6-96DA0F00248B}.RelWithDebInfo|Win32.Build.0 = Debug Static|Win32
		{78B079BD-9FC7-4B9E-B4A6-96DA0F00248B}.RelWithDebInfo|x64.ActiveCfg = Release|x64
		{78B079BD-9FC7-4B9E-B4A6-96DA0F00248B}.RelWithDebInfo|x64.Build.0 = Release|x64
		{7FD037CD-7D78-4096-A827-0A7E6642FF74}.Debug Library|Itanium.ActiveCfg = Release|Win32
		{7FD037CD-7D78-4096-A827-0A7E6642FF74}.Debug Library|Itanium.Build.0 = Release|Win32
		{7FD037CD-7D78-4096-A827-0A7E6642FF74}.Debug Library|Win32.ActiveCfg = Debug|Win32
		{7FD037CD-7D78-4096-A827-0A7E6642FF74}.Debug Library|Win32.Build.0 = Debug|Win32
		{7FD037CD-7D78-4096-A827-0A7E6642FF74}.Debug Library|x64.ActiveCfg = Release|Win32
		{7FD037CD-7D78-4096-A827-0A7E6642FF74}.Debug Library|x64.Build.0 = Release|Win32
		{7FD037CD-7D78-4096-A827-0A7E6642FF74}.Debug Static|Itanium.ActiveCfg = Release|Win32
		{7FD037CD-7D78-4096-A827-0A7E6642FF74}.Debug Static|Itanium.Build.0 = Release|Win32
		{7FD037CD-7D78-4096-A827-0A7E6642FF74}.Debug Static|Win32.ActiveCfg = Debug|Win32
		{7FD037CD-7D78-4096-A827-0A7E6642FF74}.Debug Static|Win32.Build.0 = Debug|Win32
		{7FD037CD-7D78-4096-A827-0A7E6642FF74}.Debug Static|x64.ActiveCfg = Release|Win32
		{7FD037CD-7D78-4096-A827-0A7E6642FF74}.Debug Static|x64.Build.0 = Release|Win32
		{7FD037CD-7D78-4096-A827-0A7E6642FF74}.Debug|Itanium.ActiveCfg = Debug|Win32
		{7FD037CD-7D78-4096-A827-0A7E6642FF74}.Debug|Win32.ActiveCfg = Debug|Win32
		{7FD037CD-7D78-4096-A827-0A7E6642FF74}.Debug|Win32.Build.0 = Debug|Win32
		{7FD037CD-7D78-4096-A827-0A7E6642FF74}.Debug|x64.ActiveCfg = Debug|Win32
		{7FD037CD-7D78-4096-A827-0A7E6642FF74}.MinSizeRel|Itanium.ActiveCfg = Release|Win32
		{7FD037CD-7D78-4096-A827-0A7E6642FF74}.MinSizeRel|Itanium.Build.0 = Release|Win32
		{7FD037CD-7D78-4096-A827-0A7E6642FF74}.MinSizeRel|Win32.ActiveCfg = Debug|Win32
		{7FD037CD-7D78-4096-A827-0A7E6642FF74}.MinSizeRel|Win32.Build.0 = Debug|Win32
		{7FD037CD-7D78-4096-A827-0A7E6642FF74}.MinSizeRel|x64.ActiveCfg = Release|Win32
		{7FD037CD-7D78-4096-A827-0A7E6642FF74}.MinSizeRel|x64.Build.0 = Release|Win32
		{7FD037CD-7D78-4096-A827-0A7E6642FF74}.Release Library|Itanium.ActiveCfg = Release|Win32
		{7FD037CD-7D78-4096-A827-0A7E6642FF74}.Release Library|Itanium.Build.0 = Release|Win32
		{7FD037CD-7D78-4096-A827-0A7E6642FF74}.Release Library|Win32.ActiveCfg = Debug|Win32
		{7FD037CD-7D78-4096-A827-0A7E6642FF74}.Release Library|Win32.Build.0 = Debug|Win32
		{7FD037CD-7D78-4096-A827-0A7E6642FF74}.Release Library|x64.ActiveCfg = Release|Win32
		{7FD037CD-7D78-4096-A827-0A7E6642FF74}.Release Library|x64.Build.0 = Release|Win32
		{7FD037CD-7D78-4096-A827-0A7E6642FF74}.Release Static|Itanium.ActiveCfg = Release|Win32
		{7FD037CD-7D78-4096-A827-0A7E6642FF74}.Release Static|Itanium.Build.0 = Release|Win32
		{7FD037CD-7D78-4096-A827-0A7E6642FF74}.Release Static|Win32.ActiveCfg = Debug|Win32
		{7FD037CD-7D78-4096-A827-0A7E6642FF74}.Release Static|Win32.Build.0 = Debug|Win32
		{7FD037CD-7D78-4096-A827-0A7E6642FF74}.Release Static|x64.ActiveCfg = Release|Win32
		{7FD037CD-7D78-4096-A827-0A7E6642FF74}.Release Static|x64.Build.0 = Release|Win32
		{7FD037CD-7D78-4096-A827-0A7E6642FF74}.Release|Itanium.ActiveCfg = Release|Win32
		{7FD037CD-7D78-4096-A827-0A7E6642FF74}.Release|Win32.ActiveCfg = Release|Win32
		{7FD037CD-7D78-4096-A827-0A7E6642FF74}.Release|Win32.Build.0 = Release|Win32
		{7FD037CD-7D78-4096-A827-0A7E6642FF74}.Release|x64.ActiveCfg = Release|Win32
		{7FD037CD-7D78-4096-A827-0A7E6642FF74}.ReleaseWithoutAsm|Itanium.ActiveCfg = Release|Win32
		{7FD037CD-7D78-4096-A827-0A7E6642FF74}.ReleaseWithoutAsm|Itanium.Build.0 = Release|Win32
		{7FD037CD-7D78-4096-A827-0A7E6642FF74}.ReleaseWithoutAsm|Win32.ActiveCfg = Debug|Win32
		{7FD037CD-7D78-4096-A827-0A7E6642FF74}.ReleaseWithoutAsm|Win32.Build.0 = Debug|Win32
		{7FD037CD-7D78-4096-A827-0A7E6642FF74}.ReleaseWithoutAsm|x64.ActiveCfg = Release|Win32
		{7FD037CD-7D78-4096-A827-0A7E6642FF74}.ReleaseWithoutAsm|x64.Build.0 = Release|Win32
		{7FD037CD-7D78-4096-A827-0A7E6642FF74}.RelWithDebInfo|Itanium.ActiveCfg = Release|Win32
		{7FD037CD-7D78-4096-A827-0A7E6642FF74}.RelWithDebInfo|Itanium.Build.0 = Release|Win32
		{7FD037CD-7D78-4096-A827-0A7E6642FF74}.RelWithDebInfo|Win32.ActiveCfg = Debug|Win32
		{7FD037CD-7D78-4096-A827-0A7E6642FF74}.RelWithDebInfo|Win32.Build.0 = Debug|Win32
		{7FD037CD-7D78-4096-A827-0A7E6642FF74}.RelWithDebInfo|x64.ActiveCfg = Release|Win32
		{7FD037CD-7D78-4096-A827-0A7E6642FF74}.RelWithDebInfo|x64.Build.0 = Release|Win32
		{99740DBB-637F-3A85-B838-C3644B3E7AF4}.Debug Library|Itanium.ActiveCfg = RelWithDebInfo|Win32
		{99740DBB-637F-3A85-B838-C3644B3E7AF4}.Debug Library|Itanium.Build.0 = RelWithDebInfo|Win32
		{99740DBB-637F-3A85-B838-C3644B3E7AF4}.Debug Library|Itanium.Deploy.0 = RelWithDebInfo|Win32
		{99740DBB-637F-3A85-B838-C3644B3E7AF4}.Debug Library|Win32.ActiveCfg = Debug|Win32
		{99740DBB-637F-3A85-B838-C3644B3E7AF4}.Debug Library|Win32.Build.0 = Debug|Win32
		{99740DBB-637F-3A85-B838-C3644B3E7AF4}.Debug Library|Win32.Deploy.0 = Debug|Win32
		{99740DBB-637F-3A85-B838-C3644B3E7AF4}.Debug Library|x64.ActiveCfg = RelWithDebInfo|Win32
		{99740DBB-637F-3A85-B838-C3644B3E7AF4}.Debug Library|x64.Build.0 = RelWithDebInfo|Win32
		{99740DBB-637F-3A85-B838-C3644B3E7AF4}.Debug Library|x64.Deploy.0 = RelWithDebInfo|Win32
		{99740DBB-637F-3A85-B838-C3644B3E7AF4}.Debug Static|Itanium.ActiveCfg = RelWithDebInfo|Win32
		{99740DBB-637F-3A85-B838-C3644B3E7AF4}.Debug Static|Itanium.Build.0 = RelWithDebInfo|Win32
		{99740DBB-637F-3A85-B838-C3644B3E7AF4}.Debug Static|Itanium.Deploy.0 = RelWithDebInfo|Win32
		{99740DBB-637F-3A85-B838-C3644B3E7AF4}.Debug Static|Win32.ActiveCfg = Debug|Win32
		{99740DBB-637F-3A85-B838-C3644B3E7AF4}.Debug Static|Win32.Build.0 = Debug|Win32
		{99740DBB-637F-3A85-B838-C3644B3E7AF4}.Debug Static|Win32.Deploy.0 = Debug|Win32
		{99740DBB-637F-3A85-B838-C3644B3E7AF4}.Debug Static|x64.ActiveCfg = RelWithDebInfo|Win32
		{99740DBB-637F-3A85-B838-C3644B3E7AF4}.Debug Static|x64.Build.0 = RelWithDebInfo|Win32
		{99740DBB-637F-3A85-B838-C3644B3E7AF4}.Debug Static|x64.Deploy.0 = RelWithDebInfo|Win32
		{99740DBB-637F-3A85-B838-C3644B3E7AF4}.Debug|Itanium.ActiveCfg = Debug|Win32
		{99740DBB-637F-3A85-B838-C3644B3E7AF4}.Debug|Win32.ActiveCfg = Debug|Win32
		{99740DBB-637F-3A85-B838-C3644B3E7AF4}.Debug|Win32.Build.0 = Debug|Win32
		{99740DBB-637F-3A85-B838-C3644B3E7AF4}.Debug|x64.ActiveCfg = Debug|Win32
		{99740DBB-637F-3A85-B838-C3644B3E7AF4}.MinSizeRel|Itanium.ActiveCfg = MinSizeRel|Win32
		{99740DBB-637F-3A85-B838-C3644B3E7AF4}.MinSizeRel|Win32.ActiveCfg = Debug|Win32
		{99740DBB-637F-3A85-B838-C3644B3E7AF4}.MinSizeRel|Win32.Build.0 = Debug|Win32
		{99740DBB-637F-3A85-B838-C3644B3E7AF4}.MinSizeRel|Win32.Deploy.0 = Debug|Win32
		{99740DBB-637F-3A85-B838-C3644B3E7AF4}.MinSizeRel|x64.ActiveCfg = MinSizeRel|Win32
		{99740DBB-637F-3A85-B838-C3644B3E7AF4}.Release Library|Itanium.ActiveCfg = RelWithDebInfo|Win32
		{99740DBB-637F-3A85-B838-C3644B3E7AF4}.Release Library|Itanium.Build.0 = RelWithDebInfo|Win32
		{99740DBB-637F-3A85-B838-C3644B3E7AF4}.Release Library|Itanium.Deploy.0 = RelWithDebInfo|Win32
		{99740DBB-637F-3A85-B838-C3644B3E7AF4}.Release Library|Win32.ActiveCfg = Debug|Win32
		{99740DBB-637F-3A85-B838-C3644B3E7AF4}.Release Library|Win32.Build.0 = Debug|Win32
		{99740DBB-637F-3A85-B838-C3644B3E7AF4}.Release Library|Win32.Deploy.0 = Debug|Win32
		{99740DBB-637F-3A85-B838-C3644B3E7AF4}.Release Library|x64.ActiveCfg = RelWithDebInfo|Win32
		{99740DBB-637F-3A85-B838-C3644B3E7AF4}.Release Library|x64.Build.0 = RelWithDebInfo|Win32
		{99740DBB-637F-3A85-B838-C3644B3E7AF4}.Release Library|x64.Deploy.0 = RelWithDebInfo|Win32
		{99740DBB-637F-3A85-B838-C3644B3E7AF4}.Release Static|Itanium.ActiveCfg = RelWithDebInfo|Win32
		{99740DBB-637F-3A85-B838-C3644B3E7AF4}.Release Static|Itanium.Build.0 = RelWithDebInfo|Win32
		{99740DBB-637F-3A85-B838-C3644B3E7AF4}.Release Static|Itanium.Deploy.0 = RelWithDebInfo|Win32
		{99740DBB-637F-3A85-B838-C3644B3E7AF4}.Release Static|Win32.ActiveCfg = Debug|Win32
		{99740DBB-637F-3A85-B838-C3644B3E7AF4}.Release Static|Win32.Build.0 = Debug|Win32
		{99740DBB-637F-3A85-B838-C3644B3E7AF4}.Release Static|Win32.Deploy.0 = Debug|Win32
		{99740DBB-637F-3A85-B838-C3644B3E7AF4}.Release Static|x64.ActiveCfg = RelWithDebInfo|Win32
		{99740DBB-637F-3A85-B838-C3644B3E7AF4}.Release Static|x64.Build.0 = RelWithDebInfo|Win32
		{99740DBB-637F-3A85-B838-C3644B3E7AF4}.Release Static|x64.Deploy.0 = RelWithDebInfo|Win32
		{99740DBB-637F-3A85-B838-C3644B3E7AF4}.Release|Itanium.ActiveCfg = Release|Win32
		{99740DBB-637F-3A85-B838-C3644B3E7AF4}.Release|Win32.ActiveCfg = Release|Win32
		{99740DBB-637F-3A85-B838-C3644B3E7AF4}.Release|Win32.Build.0 = Release|Win32
		{99740DBB-637F-3A85-B838-C3644B3E7AF4}.Release|x64.ActiveCfg = Release|Win32
		{99740DBB-637F-3A85-B838-C3644B3E7AF4}.ReleaseWithoutAsm|Itanium.ActiveCfg = RelWithDebInfo|Win32
		{99740DBB-637F-3A85-B838-C3644B3E7AF4}.ReleaseWithoutAsm|Itanium.Build.0 = RelWithDebInfo|Win32
		{99740DBB-637F-3A85-B838-C3644B3E7AF4}.ReleaseWithoutAsm|Itanium.Deploy.0 = RelWithDebInfo|Win32
		{99740DBB-637F-3A85-B838-C3644B3E7AF4}.ReleaseWithoutAsm|Win32.ActiveCfg = Debug|Win32
		{99740DBB-637F-3A85-B838-C3644B3E7AF4}.ReleaseWithoutAsm|Win32.Build.0 = Debug|Win32
		{99740DBB-637F-3A85-B838-C3644B3E7AF4}.ReleaseWithoutAsm|Win32.Deploy.0 = Debug|Win32
		{99740DBB-637F-3A85-B838-C3644B3E7AF4}.ReleaseWithoutAsm|x64.ActiveCfg = RelWithDebInfo|Win32
		{99740DBB-637F-3A85-B838-C3644B3E7AF4}.ReleaseWithoutAsm|x64.Build.0 = RelWithDebInfo|Win32
		{99740DBB-637F-3A85-B838-C3644B3E7AF4}.ReleaseWithoutAsm|x64.Deploy.0 = RelWithDebInfo|Win32
		{99740DBB-637F-3A85-B838-C3644B3E7AF4}.RelWithDebInfo|Itanium.ActiveCfg = RelWithDebInfo|Win32
		{99740DBB-637F-3A85-B838-C3644B3E7AF4}.RelWithDebInfo|Win32.ActiveCfg = Debug|Win32
		{99740DBB-637F-3A85-B838-C3644B3E7AF4}.RelWithDebInfo|Win32.Build.0 = Debug|Win32
		{99740DBB-637F-3A85-B838-C3644B3E7AF4}.RelWithDebInfo|Win32.Deploy.0 = Debug|Win32
		{99740DBB-637F-3A85-B838-C3644B3E7AF4}.RelWithDebInfo|x64.ActiveCfg = RelWithDebInfo|Win32
		{BAC11F41-C2AC-4AD6-B534-2593B5AB65C3}.Debug Library|Itanium.ActiveCfg = Release|Win32
		{BAC11F41-C2AC-4AD6-B534-2593B5AB65C3}.Debug Library|Itanium.Build.0 = Release|Win32
		{BAC11F41-C2AC-4AD6-B534-2593B5AB65C3}.Debug Library|Win32.ActiveCfg = Debug|Win32
		{BAC11F41-C2AC-4AD6-B534-2593B5AB65C3}.Debug Library|Win32.Build.0 = Debug|Win32
		{BAC11F41-C2AC-4AD6-B534-2593B5AB65C3}.Debug Library|x64.ActiveCfg = Release|Win32
		{BAC11F41-C2AC-4AD6-B534-2593B5AB65C3}.Debug Library|x64.Build.0 = Release|Win32
		{BAC11F41-C2AC-4AD6-B534-2593B5AB65C3}.Debug Static|Itanium.ActiveCfg = Release|Win32
		{BAC11F41-C2AC-4AD6-B534-2593B5AB65C3}.Debug Static|Itanium.Build.0 = Release|Win32
		{BAC11F41-C2AC-4AD6-B534-2593B5AB65C3}.Debug Static|Win32.ActiveCfg = Debug|Win32
		{BAC11F41-C2AC-4AD6-B534-2593B5AB65C3}.Debug Static|Win32.Build.0 = Debug|Win32
		{BAC11F41-C2AC-4AD6-B534-2593B5AB65C3}.Debug Static|x64.ActiveCfg = Release|Win32
		{BAC11F41-C2AC-4AD6-B534-2593B5AB65C3}.Debug Static|x64.Build.0 = Release|Win32
		{BAC11F41-C2AC-4AD6-B534-2593B5AB65C3}.Debug|Itanium.ActiveCfg = Debug|Win32
		{BAC11F41-C2AC-4AD6-B534-2593B5AB65C3}.Debug|Win32.ActiveCfg = Debug|Win32
		{BAC11F41-C2AC-4AD6-B534-2593B5AB65C3}.Debug|Win32.Build.0 = Debug|Win32
		{BAC11F41-C2AC-4AD6-B534-2593B5AB65C3}.Debug|x64.ActiveCfg = Debug|Win32
		{BAC11F41-C2AC-4AD6-B534-2593B5AB65C3}.MinSizeRel|Itanium.ActiveCfg = Release|Win32
		{BAC11F41-C2AC-4AD6-B534-2593B5AB65C3}.MinSizeRel|Itanium.Build.0 = Release|Win32
		{BAC11F41-C2AC-4AD6-B534-2593B5AB65C3}.MinSizeRel|Win32.ActiveCfg = Debug|Win32
		{BAC11F41-C2AC-4AD6-B534-2593B5AB65C3}.MinSizeRel|Win32.Build.0 = Debug|Win32
		{BAC11F41-C2AC-4AD6-B534-2593B5AB65C3}.MinSizeRel|x64.ActiveCfg = Release|Win32
		{BAC11F41-C2AC-4AD6-B534-2593B5AB65C3}.MinSizeRel|x64.Build.0 = Release|Win32
		{BAC11F41-C2AC-4AD6-B534-2593B5AB65C3}.Release Library|Itanium.ActiveCfg = Release|Win32
		{BAC11F41-C2AC-4AD6-B534-2593B5AB65C3}.Release Library|Itanium.Build.0 = Release|Win32
		{BAC11F41-C2AC-4AD6-B534-2593B5AB65C3}.Release Library|Win32.ActiveCfg = Debug|Win32
		{BAC11F41-C2AC-4AD6-B534-2593B5AB65C3}.Release Library|Win32.Build.0 = Debug|Win32
		{BAC11F41-C2AC-4AD6-B534-2593B5AB65C3}.Release Library|x64.ActiveCfg = Release|Win32
		{BAC11F41-C2AC-4AD6-B534-2593B5AB65C3}.Release Library|x64.Build.0 = Release|Win32
		{BAC11F41-C2AC-4AD6-B534-2593B5AB65C3}.Release Static|Itanium.ActiveCfg = Release|Win32
		{BAC11F41-C2AC-4AD6-B534-2593B5AB65C3}.Release Static|Itanium.Build.0 = Release|Win32
		{BAC11F41-C2AC-4AD6-B534-2593B5AB65C3}.Release Static|Win32.ActiveCfg = Debug|Win32
		{BAC11F41-C2AC-4AD6-B534-2593B5AB65C3}.Release Static|Win32.Build.0 = Debug|Win32
		{BAC11F41-C2AC-4AD6-B534-2593B5AB65C3}.Release Static|x64.ActiveCfg = Release|Win32
		{BAC11F41-C2AC-4AD6-B534-2593B5AB65C3}.Release Static|x64.Build.0 = Release|Win32
		{BAC11F41-C2AC-4AD6-B534-2593B5AB65C3}.Release|Itanium.ActiveCfg = Release|Win32
		{BAC11F41-C2AC-4AD6-B534-2593B5AB65C3}.Release|Win32.ActiveCfg = Release|Win32
		{BAC11F41-C2AC-4AD6-B534-2593B5AB65C3}.Release|Win32.Build.0 = Release|Win32
		{BAC11F41-C2AC-4AD6-B534-2593B5AB65C3}.Release|x64.ActiveCfg = Release|Win32
		{BAC11F41-C2AC-4AD6-B534-2593B5AB65C3}.ReleaseWithoutAsm|Itanium.ActiveCfg = Release|Win32
		{BAC11F41-C2AC-4AD6-B534-2593B5AB65C3}.ReleaseWithoutAsm|Itanium.Build.0 = Release|Win32
		{BAC11F41-C2AC-4AD6-B534-2593B5AB65C3}.ReleaseWithoutAsm|Win32.ActiveCfg = Debug|Win32
		{BAC11F41-C2AC-4AD6-B534-2593B5AB65C3}.ReleaseWithoutAsm|Win32.Build.0 = Debug|Win32
		{BAC11F41-C2AC-4AD6-B534-2593B5AB65C3}.ReleaseWithoutAsm|x64.ActiveCfg = Release|Win32
		{BAC11F41-C2AC-4AD6-B534-2593B5AB65C3}.ReleaseWithoutAsm|x64.Build.0 = Release|Win32
		{BAC11F41-C2AC-4AD6-B534-2593B5AB65C3}.RelWithDebInfo|Itanium.ActiveCfg = Release|Win32
		{BAC11F41-C2AC-4AD6-B534-2593B5AB65C3}.RelWithDebInfo|Itanium.Build.0 = Release|Win32
		{BAC11F41-C2AC-4AD6-B534-2593B5AB65C3}.RelWithDebInfo|Win32.ActiveCfg = Debug|Win32
		{BAC11F41-C2AC-4AD6-B534-2593B5AB65C3}.RelWithDebInfo|Win32.Build.0 = Debug|Win32
		{BAC11F41-C2AC-4AD6-B534-2593B5AB65C3}.RelWithDebInfo|x64.ActiveCfg = Release|Win32
		{BAC11F41-C2AC-4AD6-B534-2593B5AB65C3}.RelWithDebInfo|x64.Build.0 = Release|Win32
		{81F30EFC-8241-35B0-BFE7-53AF415BE6B5}.Debug Library|Itanium.ActiveCfg = Release|Win32
		{81F30EFC-8241-35B0-BFE7-53AF415BE6B5}.Debug Library|Itanium.Build.0 = Release|Win32
		{81F30EFC-8241-35B0-BFE7-53AF415BE6B5}.Debug Library|Win32.ActiveCfg = Debug|Win32
		{81F30EFC-8241-35B0-BFE7-53AF415BE6B5}.Debug Library|Win32.Build.0 = Debug|Win32
		{81F30EFC-8241-35B0-BFE7-53AF415BE6B5}.Debug Library|x64.ActiveCfg = Release|Win32
		{81F30EFC-8241-35B0-BFE7-53AF415BE6B5}.Debug Library|x64.Build.0 = Release|Win32
		{81F30EFC-8241-35B0-BFE7-53AF415BE6B5}.Debug Static|Itanium.ActiveCfg = Release|Win32
		{81F30EFC-8241-35B0-BFE7-53AF415BE6B5}.Debug Static|Itanium.Build.0 = Release|Win32
		{81F30EFC-8241-35B0-BFE7-53AF415BE6B5}.Debug Static|Win32.ActiveCfg = Debug|Win32
		{81F30EFC-8241-35B0-BFE7-53AF415BE6B5}.Debug Static|Win32.Build.0 = Debug|Win32
		{81F30EFC-8241-35B0-BFE7-53AF415BE6B5}.Debug Static|x64.ActiveCfg = Release|Win32
		{81F30EFC-8241-35B0-BFE7-53AF415BE6B5}.Debug Static|x64.Build.0 = Release|Win32
		{81F30EFC-8241-35B0-BFE7-53AF415BE6B5}.Debug|Itanium.ActiveCfg = Debug|Win32
		{81F30EFC-8241-35B0-BFE7-53AF415BE6B5}.Debug|Win32.ActiveCfg = Debug|Win32
		{81F30EFC-8241-35B0-BFE7-53AF415BE6B5}.Debug|Win32.Build.0 = Debug|Win32
		{81F30EFC-8241-35B0-BFE7-53AF415BE6B5}.Debug|x64.ActiveCfg = Debug|Win32
		{81F30EFC-8241-35B0-BFE7-53AF415BE6B5}.MinSizeRel|Itanium.ActiveCfg = MinSizeRel|Win32
		{81F30EFC-8241-35B0-BFE7-53AF415BE6B5}.MinSizeRel|Win32.ActiveCfg = MinSizeRel|Win32
		{81F30EFC-8241-35B0-BFE7-53AF415BE6B5}.MinSizeRel|Win32.Build.0 = MinSizeRel|Win32
		{81F30EFC-8241-35B0-BFE7-53AF415BE6B5}.MinSizeRel|x64.ActiveCfg = MinSizeRel|Win32
		{81F30EFC-8241-35B0-BFE7-53AF415BE6B5}.Release Library|Itanium.ActiveCfg = Release|Win32
		{81F30EFC-8241-35B0-BFE7-53AF415BE6B5}.Release Library|Itanium.Build.0 = Release|Win32
		{81F30EFC-8241-35B0-BFE7-53AF415BE6B5}.Release Library|Win32.ActiveCfg = Release|Win32
		{81F30EFC-8241-35B0-BFE7-53AF415BE6B5}.Release Library|Win32.Build.0 = Release|Win32
		{81F30EFC-8241-35B0-BFE7-53AF415BE6B5}.Release Library|x64.ActiveCfg = Release|Win32
		{81F30EFC-8241-35B0-BFE7-53AF415BE6B5}.Release Library|x64.Build.0 = Release|Win32
		{81F30EFC-8241-35B0-BFE7-53AF415BE6B5}.Release Static|Itanium.ActiveCfg = Release|Win32
		{81F30EFC-8241-35B0-BFE7-53AF415BE6B5}.Release Static|Itanium.Build.0 = Release|Win32
		{81F30EFC-8241-35B0-BFE7-53AF415BE6B5}.Release Static|Win32.ActiveCfg = Release|Win32
		{81F30EFC-8241-35B0-BFE7-53AF415BE6B5}.Release Static|Win32.Build.0 = Release|Win32
		{81F30EFC-8241-35B0-BFE7-53AF415BE6B5}.Release Static|x64.ActiveCfg = Release|Win32
		{81F30EFC-8241-35B0-BFE7-53AF415BE6B5}.Release Static|x64.Build.0 = Release|Win32
		{81F30EFC-8241-35B0-BFE7-53AF415BE6B5}.Release|Itanium.ActiveCfg = Release|Win32
		{81F30EFC-8241-35B0-BFE7-53AF415BE6B5}.Release|Win32.ActiveCfg = Release|Win32
		{81F30EFC-8241-35B0-BFE7-53AF415BE6B5}.Release|Win32.Build.0 = Release|Win32
		{81F30EFC-8241-35B0-BFE7-53AF415BE6B5}.Release|x64.ActiveCfg = Release|Win32
		{81F30EFC-8241-35B0-BFE7-53AF415BE6B5}.ReleaseWithoutAsm|Itanium.ActiveCfg = Release|Win32
		{81F30EFC-8241-35B0-BFE7-53AF415BE6B5}.ReleaseWithoutAsm|Itanium.Build.0 = Release|Win32
		{81F30EFC-8241-35B0-BFE7-53AF415BE6B5}.ReleaseWithoutAsm|Win32.ActiveCfg = Release|Win32
		{81F30EFC-8241-35B0-BFE7-53AF415BE6B5}.ReleaseWithoutAsm|Win32.Build.0 = Release|Win32
		{81F30EFC-8241-35B0-BFE7-53AF415BE6B5}.ReleaseWithoutAsm|x64.ActiveCfg = Release|Win32
		{81F30EFC-8241-35B0-BFE7-53AF415BE6B5}.ReleaseWithoutAsm|x64.Build.0 = Release|Win32
		{81F30EFC-8241-35B0-BFE7-53AF415BE6B5}.RelWithDebInfo|Itanium.ActiveCfg = RelWithDebInfo|Win32
		{81F30EFC-8241-35B0-BFE7-53AF415BE6B5}.RelWithDebInfo|Win32.ActiveCfg = RelWithDebInfo|Win32
		{81F30EFC-8241-35B0-BFE7-53AF415BE6B5}.RelWithDebInfo|Win32.Build.0 = RelWithDebInfo|Win32
		{81F30EFC-8241-35B0-BFE7-53AF415BE6B5}.RelWithDebInfo|x64.ActiveCfg = RelWithDebInfo|Win32
		{C32FB2B4-500C-43CD-A099-EECCE079D3F1}.Debug Library|Itanium.ActiveCfg = Release|x64
		{C32FB2B4-500C-43CD-A099-EECCE079D3F1}.Debug Library|Itanium.Build.0 = Release|x64
		{C32FB2B4-500C-43CD-A099-EECCE079D3F1}.Debug Library|Win32.ActiveCfg = Debug|Win32
		{C32FB2B4-500C-43CD-A099-EECCE079D3F1}.Debug Library|Win32.Build.0 = Debug|Win32
		{C32FB2B4-500C-43CD-A099-EECCE079D3F1}.Debug Library|x64.ActiveCfg = Debug|x64
		{C32FB2B4-500C-43CD-A099-EECCE079D3F1}.Debug Library|x64.Build.0 = Debug|x64
		{C32FB2B4-500C-43CD-A099-EECCE079D3F1}.Debug Static|Itanium.ActiveCfg = Release|x64
		{C32FB2B4-500C-43CD-A099-EECCE079D3F1}.Debug Static|Itanium.Build.0 = Release|x64
		{C32FB2B4-500C-43CD-A099-EECCE079D3F1}.Debug Static|Win32.ActiveCfg = Debug|Win32
		{C32FB2B4-500C-43CD-A099-EECCE079D3F1}.Debug Static|Win32.Build.0 = Debug|Win32
		{C32FB2B4-500C-43CD-A099-EECCE079D3F1}.Debug Static|x64.ActiveCfg = Debug|x64
		{C32FB2B4-500C-43CD-A099-EECCE079D3F1}.Debug Static|x64.Build.0 = Debug|x64
		{C32FB2B4-500C-43CD-A099-EECCE079D3F1}.Debug|Itanium.ActiveCfg = Debug|Win32
		{C32FB2B4-500C-43CD-A099-EECCE079D3F1}.Debug|Win32.ActiveCfg = Debug|Win32
		{C32FB2B4-500C-43CD-A099-EECCE079D3F1}.Debug|Win32.Build.0 = Debug|Win32
		{C32FB2B4-500C-43CD-A099-EECCE079D3F1}.Debug|x64.ActiveCfg = Debug|x64
		{C32FB2B4-500C-43CD-A099-EECCE079D3F1}.Debug|x64.Build.0 = Debug|x64
		{C32FB2B4-500C-43CD-A099-EECCE079D3F1}.MinSizeRel|Itanium.ActiveCfg = Release|x64
		{C32FB2B4-500C-43CD-A099-EECCE079D3F1}.MinSizeRel|Itanium.Build.0 = Release|x64
		{C32FB2B4-500C-43CD-A099-EECCE079D3F1}.MinSizeRel|Win32.ActiveCfg = Release|Win32
		{C32FB2B4-500C-43CD-A099-EECCE079D3F1}.MinSizeRel|Win32.Build.0 = Release|Win32
		{C32FB2B4-500C-43CD-A099-EECCE079D3F1}.MinSizeRel|x64.ActiveCfg = Release|x64
		{C32FB2B4-500C-43CD-A099-EECCE079D3F1}.MinSizeRel|x64.Build.0 = Release|x64
		{C32FB2B4-500C-43CD-A099-EECCE079D3F1}.Release Library|Itanium.ActiveCfg = Release|x64
		{C32FB2B4-500C-43CD-A099-EECCE079D3F1}.Release Library|Itanium.Build.0 = Release|x64
		{C32FB2B4-500C-43CD-A099-EECCE079D3F1}.Release Library|Win32.ActiveCfg = Release|Win32
		{C32FB2B4-500C-43CD-A099-EECCE079D3F1}.Release Library|Win32.Build.0 = Release|Win32
		{C32FB2B4-500C-43CD-A099-EECCE079D3F1}.Release Library|x64.ActiveCfg = Release|x64
		{C32FB2B4-500C-43CD-A099-EECCE079D3F1}.Release Library|x64.Build.0 = Release|x64
		{C32FB2B4-500C-43CD-A099-EECCE079D3F1}.Release Static|Itanium.ActiveCfg = Release|x64
		{C32FB2B4-500C-43CD-A099-EECCE079D3F1}.Release Static|Itanium.Build.0 = Release|x64
		{C32FB2B4-500C-43CD-A099-EECCE079D3F1}.Release Static|Win32.ActiveCfg = Release|Win32
		{C32FB2B4-500C-43CD-A099-EECCE079D3F1}.Release Static|Win32.Build.0 = Release|Win32
		{C32FB2B4-500C-43CD-A099-EECCE079D3F1}.Release Static|x64.ActiveCfg = Release|x64
		{C32FB2B4-500C-43CD-A099-EECCE079D3F1}.Release Static|x64.Build.0 = Release|x64
		{C32FB2B4-500C-43CD-A099-EECCE079D3F1}.Release|Itanium.ActiveCfg = Release|Win32
		{C32FB2B4-500C-43CD-A099-EECCE079D3F1}.Release|Win32.ActiveCfg = Release|Win32
		{C32FB2B4-500C-43CD-A099-EECCE079D3F1}.Release|Win32.Build.0 = Release|Win32
		{C32FB2B4-500C-43CD-A099-EECCE079D3F1}.Release|x64.ActiveCfg = Release|x64
		{C32FB2B4-500C-43CD-A099-EECCE079D3F1}.Release|x64.Build.0 = Release|x64
		{C32FB2B4-500C-43CD-A099-EECCE079D3F1}.ReleaseWithoutAsm|Itanium.ActiveCfg = Release|x64
		{C32FB2B4-500C-43CD-A099-EECCE079D3F1}.ReleaseWithoutAsm|Itanium.Build.0 = Release|x64
		{C32FB2B4-500C-43CD-A099-EECCE079D3F1}.ReleaseWithoutAsm|Win32.ActiveCfg = Release|Win32
		{C32FB2B4-500C-43CD-A099-EECCE079D3F1}.ReleaseWithoutAsm|Win32.Build.0 = Release|Win32
		{C32FB2B4-500C-43CD-A099-EECCE079D3F1}.ReleaseWithoutAsm|x64.ActiveCfg = Release|x64
		{C32FB2B4-500C-43CD-A099-EECCE079D3F1}.ReleaseWithoutAsm|x64.Build.0 = Release|x64
		{C32FB2B4-500C-43CD-A099-EECCE079D3F1}.RelWithDebInfo|Itanium.ActiveCfg = Release|x64
		{C32FB2B4-500C-43CD-A099-EECCE079D3F1}.RelWithDebInfo|Itanium.Build.0 = Release|x64
		{C32FB2B4-500C-43CD-A099-EECCE079D3F1}.RelWithDebInfo|Win32.ActiveCfg = Release|Win32
		{C32FB2B4-500C-43CD-A099-EECCE079D3F1}.RelWithDebInfo|Win32.Build.0 = Release|Win32
		{C32FB2B4-500C-43CD-A099-EECCE079D3F1}.RelWithDebInfo|x64.ActiveCfg = Release|x64
		{C32FB2B4-500C-43CD-A099-EECCE079D3F1}.RelWithDebInfo|x64.Build.0 = Release|x64
		{AA6666AA-E09F-4135-9C0C-4FE50C3C654B}.Debug Library|Itanium.ActiveCfg = Debug|Itanium
		{AA6666AA-E09F-4135-9C0C-4FE50C3C654B}.Debug Library|Itanium.Build.0 = Debug|Itanium
		{AA6666AA-E09F-4135-9C0C-4FE50C3C654B}.Debug Library|Win32.ActiveCfg = Debug|Win32
		{AA6666AA-E09F-4135-9C0C-4FE50C3C654B}.Debug Library|Win32.Build.0 = Debug|Win32
		{AA6666AA-E09F-4135-9C0C-4FE50C3C654B}.Debug Library|x64.ActiveCfg = Debug|x64
		{AA6666AA-E09F-4135-9C0C-4FE50C3C654B}.Debug Library|x64.Build.0 = Debug|x64
		{AA6666AA-E09F-4135-9C0C-4FE50C3C654B}.Debug Static|Itanium.ActiveCfg = Debug|Itanium
		{AA6666AA-E09F-4135-9C0C-4FE50C3C654B}.Debug Static|Itanium.Build.0 = Debug|Itanium
		{AA6666AA-E09F-4135-9C0C-4FE50C3C654B}.Debug Static|Win32.ActiveCfg = Debug|Win32
		{AA6666AA-E09F-4135-9C0C-4FE50C3C654B}.Debug Static|Win32.Build.0 = Debug|Win32
		{AA6666AA-E09F-4135-9C0C-4FE50C3C654B}.Debug Static|x64.ActiveCfg = Debug|x64
		{AA6666AA-E09F-4135-9C0C-4FE50C3C654B}.Debug Static|x64.Build.0 = Debug|x64
		{AA6666AA-E09F-4135-9C0C-4FE50C3C654B}.Debug|Itanium.ActiveCfg = Debug|Itanium
		{AA6666AA-E09F-4135-9C0C-4FE50C3C654B}.Debug|Itanium.Build.0 = Debug|Itanium
		{AA6666AA-E09F-4135-9C0C-4FE50C3C654B}.Debug|Win32.ActiveCfg = Debug|Win32
		{AA6666AA-E09F-4135-9C0C-4FE50C3C654B}.Debug|Win32.Build.0 = Debug|Win32
		{AA6666AA-E09F-4135-9C0C-4FE50C3C654B}.Debug|x64.ActiveCfg = Debug|x64
		{AA6666AA-E09F-4135-9C0C-4FE50C3C654B}.Debug|x64.Build.0 = Debug|x64
		{AA6666AA-E09F-4135-9C0C-4FE50C3C654B}.MinSizeRel|Itanium.ActiveCfg = ReleaseWithoutAsm|Itanium
		{AA6666AA-E09F-4135-9C0C-4FE50C3C654B}.MinSizeRel|Itanium.Build.0 = ReleaseWithoutAsm|Itanium
		{AA6666AA-E09F-4135-9C0C-4FE50C3C654B}.MinSizeRel|Win32.ActiveCfg = Release|Win32
		{AA6666AA-E09F-4135-9C0C-4FE50C3C654B}.MinSizeRel|Win32.Build.0 = Release|Win32
		{AA6666AA-E09F-4135-9C0C-4FE50C3C654B}.MinSizeRel|x64.ActiveCfg = Release|x64
		{AA6666AA-E09F-4135-9C0C-4FE50C3C654B}.MinSizeRel|x64.Build.0 = Release|x64
		{AA6666AA-E09F-4135-9C0C-4FE50C3C654B}.Release Library|Itanium.ActiveCfg = ReleaseWithoutAsm|Itanium
		{AA6666AA-E09F-4135-9C0C-4FE50C3C654B}.Release Library|Itanium.Build.0 = ReleaseWithoutAsm|Itanium
		{AA6666AA-E09F-4135-9C0C-4FE50C3C654B}.Release Library|Win32.ActiveCfg = Release|Win32
		{AA6666AA-E09F-4135-9C0C-4FE50C3C654B}.Release Library|Win32.Build.0 = Release|Win32
		{AA6666AA-E09F-4135-9C0C-4FE50C3C654B}.Release Library|x64.ActiveCfg = Release|x64
		{AA6666AA-E09F-4135-9C0C-4FE50C3C654B}.Release Library|x64.Build.0 = Release|x64
		{AA6666AA-E09F-4135-9C0C-4FE50C3C654B}.Release Static|Itanium.ActiveCfg = ReleaseWithoutAsm|Itanium
		{AA6666AA-E09F-4135-9C0C-4FE50C3C654B}.Release Static|Itanium.Build.0 = ReleaseWithoutAsm|Itanium
		{AA6666AA-E09F-4135-9C0C-4FE50C3C654B}.Release Static|Win32.ActiveCfg = Release|Win32
		{AA6666AA-E09F-4135-9C0C-4FE50C3C654B}.Release Static|Win32.Build.0 = Release|Win32
		{AA6666AA-E09F-4135-9C0C-4FE50C3C654B}.Release Static|x64.ActiveCfg = Release|x64
		{AA6666AA-E09F-4135-9C0C-4FE50C3C654B}.Release Static|x64.Build.0 = Release|x64
		{AA6666AA-E09F-4135-9C0C-4FE50C3C654B}.Release|Itanium.ActiveCfg = Release|Itanium
		{AA6666AA-E09F-4135-9C0C-4FE50C3C654B}.Release|Itanium.Build.0 = Release|Itanium
		{AA6666AA-E09F-4135-9C0C-4FE50C3C654B}.Release|Win32.ActiveCfg = Release|Win32
		{AA6666AA-E09F-4135-9C0C-4FE50C3C654B}.Release|Win32.Build.0 = Release|Win32
		{AA6666AA-E09F-4135-9C0C-4FE50C3C654B}.Release|x64.ActiveCfg = Release|x64
		{AA6666AA-E09F-4135-9C0C-4FE50C3C654B}.Release|x64.Build.0 = Release|x64
		{AA6666AA-E09F-4135-9C0C-4FE50C3C654B}.ReleaseWithoutAsm|Itanium.ActiveCfg = ReleaseWithoutAsm|Itanium
		{AA6666AA-E09F-4135-9C0C-4FE50C3C654B}.ReleaseWithoutAsm|Itanium.Build.0 = ReleaseWithoutAsm|Itanium
		{AA6666AA-E09F-4135-9C0C-4FE50C3C654B}.ReleaseWithoutAsm|Win32.ActiveCfg = ReleaseWithoutAsm|Win32
		{AA6666AA-E09F-4135-9C0C-4FE50C3C654B}.ReleaseWithoutAsm|Win32.Build.0 = ReleaseWithoutAsm|Win32
		{AA6666AA-E09F-4135-9C0C-4FE50C3C654B}.ReleaseWithoutAsm|x64.ActiveCfg = ReleaseWithoutAsm|x64
		{AA6666AA-E09F-4135-9C0C-4FE50C3C654B}.ReleaseWithoutAsm|x64.Build.0 = ReleaseWithoutAsm|x64
		{AA6666AA-E09F-4135-9C0C-4FE50C3C654B}.RelWithDebInfo|Itanium.ActiveCfg = ReleaseWithoutAsm|Itanium
		{AA6666AA-E09F-4135-9C0C-4FE50C3C654B}.RelWithDebInfo|Itanium.Build.0 = ReleaseWithoutAsm|Itanium
		{AA6666AA-E09F-4135-9C0C-4FE50C3C654B}.RelWithDebInfo|Win32.ActiveCfg = Release|Win32
		{AA6666AA-E09F-4135-9C0C-4FE50C3C654B}.RelWithDebInfo|Win32.Build.0 = Release|Win32
		{AA6666AA-E09F-4135-9C0C-4FE50C3C654B}.RelWithDebInfo|x64.ActiveCfg = Release|x64
		{AA6666AA-E09F-4135-9C0C-4FE50C3C654B}.RelWithDebInfo|x64.Build.0 = Release|x64
		{6037E797-74AF-41A8-A542-147BAD9AAF5F}.Debug Library|Itanium.ActiveCfg = Release|x64
		{6037E797-74AF-41A8-A542-147BAD9AAF5F}.Debug Library|Itanium.Build.0 = Release|x64
		{6037E797-74AF-41A8-A542-147BAD9AAF5F}.Debug Library|Win32.ActiveCfg = Debug|Win32
		{6037E797-74AF-41A8-A542-147BAD9AAF5F}.Debug Library|Win32.Build.0 = Debug|Win32
		{6037E797-74AF-41A8-A542-147BAD9AAF5F}.Debug Library|x64.ActiveCfg = Debug|x64
		{6037E797-74AF-41A8-A542-147BAD9AAF5F}.Debug Library|x64.Build.0 = Debug|x64
		{6037E797-74AF-41A8-A542-147BAD9AAF5F}.Debug Static|Itanium.ActiveCfg = Release|x64
		{6037E797-74AF-41A8-A542-147BAD9AAF5F}.Debug Static|Itanium.Build.0 = Release|x64
		{6037E797-74AF-41A8-A542-147BAD9AAF5F}.Debug Static|Win32.ActiveCfg = Debug|Win32
		{6037E797-74AF-41A8-A542-147BAD9AAF5F}.Debug Static|Win32.Build.0 = Debug|Win32
		{6037E797-74AF-41A8-A542-147BAD9AAF5F}.Debug Static|x64.ActiveCfg = Debug|x64
		{6037E797-74AF-41A8-A542-147BAD9AAF5F}.Debug Static|x64.Build.0 = Debug|x64
		{6037E797-74AF-41A8-A542-147BAD9AAF5F}.Debug|Itanium.ActiveCfg = Debug|Win32
		{6037E797-74AF-41A8-A542-147BAD9AAF5F}.Debug|Win32.ActiveCfg = Debug|Win32
		{6037E797-74AF-41A8-A542-147BAD9AAF5F}.Debug|Win32.Build.0 = Debug|Win32
		{6037E797-74AF-41A8-A542-147BAD9AAF5F}.Debug|x64.ActiveCfg = Debug|x64
		{6037E797-74AF-41A8-A542-147BAD9AAF5F}.Debug|x64.Build.0 = Debug|x64
		{6037E797-74AF-41A8-A542-147BAD9AAF5F}.MinSizeRel|Itanium.ActiveCfg = Release|x64
		{6037E797-74AF-41A8-A542-147BAD9AAF5F}.MinSizeRel|Itanium.Build.0 = Release|x64
		{6037E797-74AF-41A8-A542-147BAD9AAF5F}.MinSizeRel|Win32.ActiveCfg = Release|Win32
		{6037E797-74AF-41A8-A542-147BAD9AAF5F}.MinSizeRel|Win32.Build.0 = Release|Win32
		{6037E797-74AF-41A8-A542-147BAD9AAF5F}.MinSizeRel|x64.ActiveCfg = Release|x64
		{6037E797-74AF-41A8-A542-147BAD9AAF5F}.MinSizeRel|x64.Build.0 = Release|x64
		{6037E797-74AF-41A8-A542-147BAD9AAF5F}.Release Library|Itanium.ActiveCfg = Release|x64
		{6037E797-74AF-41A8-A542-147BAD9AAF5F}.Release Library|Itanium.Build.0 = Release|x64
		{6037E797-74AF-41A8-A542-147BAD9AAF5F}.Release Library|Win32.ActiveCfg = Release|Win32
		{6037E797-74AF-41A8-A542-147BAD9AAF5F}.Release Library|Win32.Build.0 = Release|Win32
		{6037E797-74AF-41A8-A542-147BAD9AAF5F}.Release Library|x64.ActiveCfg = Release|x64
		{6037E797-74AF-41A8-A542-147BAD9AAF5F}.Release Library|x64.Build.0 = Release|x64
		{6037E797-74AF-41A8-A542-147BAD9AAF5F}.Release Static|Itanium.ActiveCfg = Release|x64
		{6037E797-74AF-41A8-A542-147BAD9AAF5F}.Release Static|Itanium.Build.0 = Release|x64
		{6037E797-74AF-41A8-A542-147BAD9AAF5F}.Release Static|Win32.ActiveCfg = Release|Win32
		{6037E797-74AF-41A8-A542-147BAD9AAF5F}.Release Static|Win32.Build.0 = Release|Win32
		{6037E797-74AF-41A8-A542-147BAD9AAF5F}.Release Static|x64.ActiveCfg = Release|x64
		{6037E797-74AF-41A8-A542-147BAD9AAF5F}.Release Static|x64.Build.0 = Release|x64
		{6037E797-74AF-41A8-A542-147BAD9AAF5F}.Release|Itanium.ActiveCfg = Release|Win32
		{6037E797-74AF-41A8-A542-147BAD9AAF5F}.Release|Win32.ActiveCfg = Release|Win32
		{6037E797-74AF-41A8-A542-147BAD9AAF5F}.Release|Win32.Build.0 = Release|Win32
		{6037E797-74AF-41A8-A542-147BAD9AAF5F}.Release|x64.ActiveCfg = Release|x64
		{6037E797-74AF-41A8-A542-147BAD9AAF5F}.Release|x64.Build.0 = Release|x64
		{6037E797-74AF-41A8-A542-147BAD9AAF5F}.ReleaseWithoutAsm|Itanium.ActiveCfg = Release|x64
		{6037E797-74AF-41A8-A542-147BAD9AAF5F}.ReleaseWithoutAsm|Itanium.Build.0 = Release|x64
		{6037E797-74AF-41A8-A542-147BAD9AAF5F}.ReleaseWithoutAsm|Win32.ActiveCfg = Release|Win32
		{6037E797-74AF-41A8-A542-147BAD9AAF5F}.ReleaseWithoutAsm|Win32.Build.0 = Release|Win32
		{6037E797-74AF-41A8-A542-147BAD9AAF5F}.ReleaseWithoutAsm|x64.ActiveCfg = Release|x64
		{6037E797-74AF-41A8-A542-147BAD9AAF5F}.ReleaseWithoutAsm|x64.Build.0 = Release|x64
		{6037E797-74AF-41A8-A542-147BAD9AAF5F}.RelWithDebInfo|Itanium.ActiveCfg = Release|x64
		{6037E797-74AF-41A8-A542-147BAD9AAF5F}.RelWithDebInfo|Itanium.Build.0 = Release|x64
		{6037E797-74AF-41A8-A542-147BAD9AAF5F}.RelWithDebInfo|Win32.ActiveCfg = Release|Win32
		{6037E797-74AF-41A8-A542-147BAD9AAF5F}.RelWithDebInfo|Win32.Build.0 = Release|Win32
		{6037E797-74AF-41A8-A542-147BAD9AAF5F}.RelWithDebInfo|x64.ActiveCfg = Release|x64
		{6037E797-74AF-41A8-A542-147BAD9AAF5F}.RelWithDebInfo|x64.Build.0 = Release|x64
	EndGlobalSection
	GlobalSection(SolutionProperties) = preSolution
		HideSolutionNode = FALSE
	EndGlobalSection
	GlobalSection(ExtensibilityGlobals) = postSolution
		SolutionGuid = {F6171D81-124C-4852-8566-BF9C4A0CA464}
	EndGlobalSection
EndGlobal
